
Microsoft Visual Studio Solution File, Format Version 12.00
# Visual Studio Version 17
VisualStudioVersion = 17.7.34031.279
MinimumVisualStudioVersion = 10.0.40219.1
Project("{FAE04EC0-301F-11D3-BF4B-00C04F79EFBC}") = "Filters", "Filters.csproj", "{F2A1A611-FDAB-453F-A029-6B0CDB589E37}"
EndProject
Global
	GlobalSection(SolutionConfigurationPlatforms) = preSolution
		Debug|Any CPU = Debug|Any CPU
		Release|Any CPU = Release|Any CPU
	EndGlobalSection
	GlobalSection(ProjectConfigurationPlatforms) = postSolution
		{F2A1A611-FDAB-453F-A029-6B0CDB589E37}.Debug|Any CPU.ActiveCfg = Debug|Any CPU
		{F2A1A611-FDAB-453F-A029-6B0CDB589E37}.Debug|Any CPU.Build.0 = Debug|Any CPU
		{F2A1A611-FDAB-453F-A029-6B0CDB589E37}.Release|Any CPU.ActiveCfg = Release|Any CPU
		{F2A1A611-FDAB-453F-A029-6B0CDB589E37}.Release|Any CPU.Build.0 = Release|Any CPU
	EndGlobalSection
	GlobalSection(SolutionProperties) = preSolution
		HideSolutionNode = FALSE
	EndGlobalSection
	GlobalSection(ExtensibilityGlobals) = postSolution
		SolutionGuid = {CB84D52D-A3C5-4352-9A5D-8C6CAA43E5A3}
	EndGlobalSection
EndGlobal
